
Microsoft Visual Studio Solution File, Format Version 12.00
# Visual Studio Version 16
VisualStudioVersion = 16.0.34031.81
MinimumVisualStudioVersion = 10.0.40219.1
Project("{FAE04EC0-301F-11D3-BF4B-00C04F79EFBC}") = "ClassPractice", "ClassPractice\ClassPractice.csproj", "{A5DF55B2-7681-4274-A822-4856F7C20AA2}"
EndProject
Global
	GlobalSection(SolutionConfigurationPlatforms) = preSolution
		Debug|Any CPU = Debug|Any CPU
		Release|Any CPU = Release|Any CPU
	EndGlobalSection
	GlobalSection(ProjectConfigurationPlatforms) = postSolution
		{A5DF55B2-7681-4274-A822-4856F7C20AA2}.Debug|Any CPU.ActiveCfg = Debug|Any CPU
		{A5DF55B2-7681-4274-A822-4856F7C20AA2}.Debug|Any CPU.Build.0 = Debug|Any CPU
		{A5DF55B2-7681-4274-A822-4856F7C20AA2}.Release|Any CPU.ActiveCfg = Release|Any CPU
		{A5DF55B2-7681-4274-A822-4856F7C20AA2}.Release|Any CPU.Build.0 = Release|Any CPU
	EndGlobalSection
	GlobalSection(SolutionProperties) = preSolution
		HideSolutionNode = FALSE
	EndGlobalSection
	GlobalSection(ExtensibilityGlobals) = postSolution
		SolutionGuid = {083DDB42-FD7E-4E1E-A31E-2F8ED60576FA}
	EndGlobalSection
EndGlobal
